
Microsoft Visual Studio Solution File, Format Version 12.00
# Visual Studio 15
Project("{FAE04EC0-301F-11D3-BF4B-00C04F79EFBC}") = "CSharpStudy02", "CSharpStudy02\CSharpStudy02.csproj", "{8E99C759-3BB2-423A-9176-BAD06848B496}"
EndProject
Project("{FAE04EC0-301F-11D3-BF4B-00C04F79EFBC}") = "FirstClass", "FirstClass\FirstClass.csproj", "{641570F6-FFED-4BCB-A464-949B8F21DB89}"
EndProject
Global
	GlobalSection(SolutionConfigurationPlatforms) = preSolution
		Debug|Any CPU = Debug|Any CPU
		Release|Any CPU = Release|Any CPU
	EndGlobalSection
	GlobalSection(ProjectConfigurationPlatforms) = postSolution
		{8E99C759-3BB2-423A-9176-BAD06848B496}.Debug|Any CPU.ActiveCfg = Debug|Any CPU
		{8E99C759-3BB2-423A-9176-BAD06848B496}.Debug|Any CPU.Build.0 = Debug|Any CPU
		{8E99C759-3BB2-423A-9176-BAD06848B496}.Release|Any CPU.ActiveCfg = Release|Any CPU
		{8E99C759-3BB2-423A-9176-BAD06848B496}.Release|Any CPU.Build.0 = Release|Any CPU
		{641570F6-FFED-4BCB-A464-949B8F21DB89}.Debug|Any CPU.ActiveCfg = Debug|Any CPU
		{641570F6-FFED-4BCB-A464-949B8F21DB89}.Debug|Any CPU.Build.0 = Debug|Any CPU
		{641570F6-FFED-4BCB-A464-949B8F21DB89}.Release|Any CPU.ActiveCfg = Release|Any CPU
		{641570F6-FFED-4BCB-A464-949B8F21DB89}.Release|Any CPU.Build.0 = Release|Any CPU
	EndGlobalSection
EndGlobal
